
Microsoft Visual Studio Solution File, Format Version 12.00
# Visual Studio Version 17
VisualStudioVersion = 17.14.36203.30 d17.14
MinimumVisualStudioVersion = 10.0.40219.1
Project("{FAE04EC0-301F-11D3-BF4B-00C04F79EFBC}") = "WebApplication1", "WebApplication1\WebApplication1.csproj", "{A08114D6-2D9C-47D2-8A06-35144267FAC9}"
EndProject
Global
	GlobalSection(SolutionConfigurationPlatforms) = preSolution
		Debug|Any CPU = Debug|Any CPU
		Release|Any CPU = Release|Any CPU
	EndGlobalSection
	GlobalSection(ProjectConfigurationPlatforms) = postSolution
		{A08114D6-2D9C-47D2-8A06-35144267FAC9}.Debug|Any CPU.ActiveCfg = Debug|Any CPU
		{A08114D6-2D9C-47D2-8A06-35144267FAC9}.Debug|Any CPU.Build.0 = Debug|Any CPU
		{A08114D6-2D9C-47D2-8A06-35144267FAC9}.Release|Any CPU.ActiveCfg = Release|Any CPU
		{A08114D6-2D9C-47D2-8A06-35144267FAC9}.Release|Any CPU.Build.0 = Release|Any CPU
	EndGlobalSection
	GlobalSection(SolutionProperties) = preSolution
		HideSolutionNode = FALSE
	EndGlobalSection
	GlobalSection(ExtensibilityGlobals) = postSolution
		SolutionGuid = {9DB97560-4953-4561-82B8-854E9640D24D}
	EndGlobalSection
EndGlobal
